
Microsoft Visual Studio Solution File, Format Version 12.00
# Visual Studio Version 16
VisualStudioVersion = 16.0.30114.105
MinimumVisualStudioVersion = 10.0.40219.1
Project("{8BC9CEB8-8B4A-11D0-8D11-00A0C91BC942}") = "2DClient", "2DClient\2DClient.vcxproj", "{0495BF2A-A1B7-4113-B5BA-24333BEEFAF2}"
EndProject
Global
	GlobalSection(SolutionConfigurationPlatforms) = preSolution
		Debug|x64 = Debug|x64
		Debug|x86 = Debug|x86
		Release|x64 = Release|x64
		Release|x86 = Release|x86
	EndGlobalSection
	GlobalSection(ProjectConfigurationPlatforms) = postSolution
		{0495BF2A-A1B7-4113-B5BA-24333BEEFAF2}.Debug|x64.ActiveCfg = Debug|x64
		{0495BF2A-A1B7-4113-B5BA-24333BEEFAF2}.Debug|x64.Build.0 = Debug|x64
		{0495BF2A-A1B7-4113-B5BA-24333BEEFAF2}.Debug|x86.ActiveCfg = Debug|Win32
		{0495BF2A-A1B7-4113-B5BA-24333BEEFAF2}.Debug|x86.Build.0 = Debug|Win32
		{0495BF2A-A1B7-4113-B5BA-24333BEEFAF2}.Release|x64.ActiveCfg = Release|x64
		{0495BF2A-A1B7-4113-B5BA-24333BEEFAF2}.Release|x64.Build.0 = Release|x64
		{0495BF2A-A1B7-4113-B5BA-24333BEEFAF2}.Release|x86.ActiveCfg = Release|Win32
		{0495BF2A-A1B7-4113-B5BA-24333BEEFAF2}.Release|x86.Build.0 = Release|Win32
	EndGlobalSection
	GlobalSection(SolutionProperties) = preSolution
		HideSolutionNode = FALSE
	EndGlobalSection
	GlobalSection(ExtensibilityGlobals) = postSolution
		SolutionGuid = {CA0337D3-425E-4B87-B79F-B0B8AF7E5758}
	EndGlobalSection
EndGlobal
